
Microsoft Visual Studio Solution File, Format Version 12.00
# Visual Studio Version 16
VisualStudioVersion = 16.0.29215.179
MinimumVisualStudioVersion = 10.0.40219.1
Project("{FAE04EC0-301F-11D3-BF4B-00C04F79EFBC}") = "Cash Machine", "Cash Machine\Cash Machine.csproj", "{AB1AC329-4A02-4FEB-BD18-9B9A78A2C997}"
EndProject
Global
	GlobalSection(SolutionConfigurationPlatforms) = preSolution
		Debug|Any CPU = Debug|Any CPU
		Release|Any CPU = Release|Any CPU
	EndGlobalSection
	GlobalSection(ProjectConfigurationPlatforms) = postSolution
		{AB1AC329-4A02-4FEB-BD18-9B9A78A2C997}.Debug|Any CPU.ActiveCfg = Debug|Any CPU
		{AB1AC329-4A02-4FEB-BD18-9B9A78A2C997}.Debug|Any CPU.Build.0 = Debug|Any CPU
		{AB1AC329-4A02-4FEB-BD18-9B9A78A2C997}.Release|Any CPU.ActiveCfg = Release|Any CPU
		{AB1AC329-4A02-4FEB-BD18-9B9A78A2C997}.Release|Any CPU.Build.0 = Release|Any CPU
	EndGlobalSection
	GlobalSection(SolutionProperties) = preSolution
		HideSolutionNode = FALSE
	EndGlobalSection
	GlobalSection(ExtensibilityGlobals) = postSolution
		SolutionGuid = {F021F40D-8203-4AE5-8306-259024715FCA}
	EndGlobalSection
EndGlobal
